
Microsoft Visual Studio Solution File, Format Version 12.00
# Visual Studio Version 16
VisualStudioVersion = 16.0.30204.135
MinimumVisualStudioVersion = 10.0.40219.1
Project("{FAE04EC0-301F-11D3-BF4B-00C04F79EFBC}") = "Calculator", "Calculator.csproj", "{833CFFA7-C487-443B-85DB-1B39DD38DE1D}"
EndProject
Project("{FAE04EC0-301F-11D3-BF4B-00C04F79EFBC}") = "CalcView", "..\CalcView\CalcView.csproj", "{56F1A062-235A-4BEE-B0A2-345B1D631E62}"
EndProject
Global
	GlobalSection(SolutionConfigurationPlatforms) = preSolution
		Debug|Any CPU = Debug|Any CPU
		Release|Any CPU = Release|Any CPU
	EndGlobalSection
	GlobalSection(ProjectConfigurationPlatforms) = postSolution
		{833CFFA7-C487-443B-85DB-1B39DD38DE1D}.Debug|Any CPU.ActiveCfg = Debug|Any CPU
		{833CFFA7-C487-443B-85DB-1B39DD38DE1D}.Debug|Any CPU.Build.0 = Debug|Any CPU
		{833CFFA7-C487-443B-85DB-1B39DD38DE1D}.Release|Any CPU.ActiveCfg = Release|Any CPU
		{833CFFA7-C487-443B-85DB-1B39DD38DE1D}.Release|Any CPU.Build.0 = Release|Any CPU
		{56F1A062-235A-4BEE-B0A2-345B1D631E62}.Debug|Any CPU.ActiveCfg = Debug|Any CPU
		{56F1A062-235A-4BEE-B0A2-345B1D631E62}.Debug|Any CPU.Build.0 = Debug|Any CPU
		{56F1A062-235A-4BEE-B0A2-345B1D631E62}.Release|Any CPU.ActiveCfg = Release|Any CPU
		{56F1A062-235A-4BEE-B0A2-345B1D631E62}.Release|Any CPU.Build.0 = Release|Any CPU
	EndGlobalSection
	GlobalSection(SolutionProperties) = preSolution
		HideSolutionNode = FALSE
	EndGlobalSection
	GlobalSection(ExtensibilityGlobals) = postSolution
		SolutionGuid = {0BF1D4F5-475B-497A-9FA2-419E3B786F88}
	EndGlobalSection
EndGlobal
